// !$*UTF8*$!
{
	archiveVersion = 1;
	classes = {
	};
	objectVersion = 46;
	objects = {

/* Begin PBXBuildFile section */
		200B947719DBA25F00C9AB3C /* EmptyTracker.m in Sources */ = {isa = PBXBuildFile; fileRef = 200B947619DBA25F00C9AB3C /* EmptyTracker.m */; };
		200B947A19DBA2E100C9AB3C /* Trigger.m in Sources */ = {isa = PBXBuildFile; fileRef = 200B947919DBA2E100C9AB3C /* Trigger.m */; };
		200B947E19DBA37900C9AB3C /* ADXTracker.m in Sources */ = {isa = PBXBuildFile; fileRef = 200B947D19DBA37900C9AB3C /* ADXTracker.m */; };
		200B948119DBA38E00C9AB3C /* AdjustTracker.m in Sources */ = {isa = PBXBuildFile; fileRef = 200B948019DBA38E00C9AB3C /* AdjustTracker.m */; };
		200B948419DBA39C00C9AB3C /* GTMTracker.m in Sources */ = {isa = PBXBuildFile; fileRef = 200B948319DBA39C00C9AB3C /* GTMTracker.m */; };
		200B948719DBA3C500C9AB3C /* Ad4PushTracker.m in Sources */ = {isa = PBXBuildFile; fileRef = 200B948619DBA3C500C9AB3C /* Ad4PushTracker.m */; };
/* End PBXBuildFile section */

/* Begin PBXCopyFilesBuildPhase section */
		200B945A19DBA0B200C9AB3C /* CopyFiles */ = {
			isa = PBXCopyFilesBuildPhase;
			buildActionMask = 2147483647;
			dstPath = "include/$(PRODUCT_NAME)";
			dstSubfolderSpec = 16;
			files = (
			);
			runOnlyForDeploymentPostprocessing = 0;
		};
/* End PBXCopyFilesBuildPhase section */

/* Begin PBXFileReference section */
		200B945C19DBA0B200C9AB3C /* libTrackSense.a */ = {isa = PBXFileReference; explicitFileType = archive.ar; includeInIndex = 0; path = libTrackSense.a; sourceTree = BUILT_PRODUCTS_DIR; };
		200B946719DBA0B300C9AB3C /* TrackSenseTests.xctest */ = {isa = PBXFileReference; explicitFileType = wrapper.cfbundle; includeInIndex = 0; path = TrackSenseTests.xctest; sourceTree = BUILT_PRODUCTS_DIR; };
		200B946A19DBA0B300C9AB3C /* Info.plist */ = {isa = PBXFileReference; lastKnownFileType = text.plist.xml; path = Info.plist; sourceTree = "<group>"; };
		200B947419DBA20F00C9AB3C /* TrackerProtocol.h */ = {isa = PBXFileReference; fileEncoding = 4; lastKnownFileType = sourcecode.c.h; path = TrackerProtocol.h; sourceTree = "<group>"; };
		200B947519DBA25F00C9AB3C /* EmptyTracker.h */ = {isa = PBXFileReference; fileEncoding = 4; lastKnownFileType = sourcecode.c.h; path = EmptyTracker.h; sourceTree = "<group>"; };
		200B947619DBA25F00C9AB3C /* EmptyTracker.m */ = {isa = PBXFileReference; fileEncoding = 4; lastKnownFileType = sourcecode.c.objc; path = EmptyTracker.m; sourceTree = "<group>"; };
		200B947819DBA2E100C9AB3C /* Trigger.h */ = {isa = PBXFileReference; fileEncoding = 4; lastKnownFileType = sourcecode.c.h; path = Trigger.h; sourceTree = "<group>"; };
		200B947919DBA2E100C9AB3C /* Trigger.m */ = {isa = PBXFileReference; fileEncoding = 4; lastKnownFileType = sourcecode.c.objc; path = Trigger.m; sourceTree = "<group>"; };
		200B947C19DBA37900C9AB3C /* ADXTracker.h */ = {isa = PBXFileReference; fileEncoding = 4; lastKnownFileType = sourcecode.c.h; path = ADXTracker.h; sourceTree = "<group>"; };
		200B947D19DBA37900C9AB3C /* ADXTracker.m */ = {isa = PBXFileReference; fileEncoding = 4; lastKnownFileType = sourcecode.c.objc; path = ADXTracker.m; sourceTree = "<group>"; };
		200B947F19DBA38E00C9AB3C /* AdjustTracker.h */ = {isa = PBXFileReference; fileEncoding = 4; lastKnownFileType = sourcecode.c.h; path = AdjustTracker.h; sourceTree = "<group>"; };
		200B948019DBA38E00C9AB3C /* AdjustTracker.m */ = {isa = PBXFileReference; fileEncoding = 4; lastKnownFileType = sourcecode.c.objc; path = AdjustTracker.m; sourceTree = "<group>"; };
		200B948219DBA39C00C9AB3C /* GTMTracker.h */ = {isa = PBXFileReference; fileEncoding = 4; lastKnownFileType = sourcecode.c.h; path = GTMTracker.h; sourceTree = "<group>"; };
		200B948319DBA39C00C9AB3C /* GTMTracker.m */ = {isa = PBXFileReference; fileEncoding = 4; lastKnownFileType = sourcecode.c.objc; path = GTMTracker.m; sourceTree = "<group>"; };
		200B948519DBA3C500C9AB3C /* Ad4PushTracker.h */ = {isa = PBXFileReference; fileEncoding = 4; lastKnownFileType = sourcecode.c.h; path = Ad4PushTracker.h; sourceTree = "<group>"; };
		200B948619DBA3C500C9AB3C /* Ad4PushTracker.m */ = {isa = PBXFileReference; fileEncoding = 4; lastKnownFileType = sourcecode.c.objc; path = Ad4PushTracker.m; sourceTree = "<group>"; };
/* End PBXFileReference section */

/* Begin PBXFrameworksBuildPhase section */
		200B945919DBA0B200C9AB3C /* Frameworks */ = {
			isa = PBXFrameworksBuildPhase;
			buildActionMask = 2147483647;
			files = (
			);
			runOnlyForDeploymentPostprocessing = 0;
		};
		200B946419DBA0B300C9AB3C /* Frameworks */ = {
			isa = PBXFrameworksBuildPhase;
			buildActionMask = 2147483647;
			files = (
			);
			runOnlyForDeploymentPostprocessing = 0;
		};
/* End PBXFrameworksBuildPhase section */

/* Begin PBXGroup section */
		200B945319DBA0B200C9AB3C = {
			isa = PBXGroup;
			children = (
				200B945E19DBA0B200C9AB3C /* TrackSense */,
				200B946819DBA0B300C9AB3C /* TrackSenseTests */,
				200B945D19DBA0B200C9AB3C /* Products */,
			);
			sourceTree = "<group>";
		};
		200B945D19DBA0B200C9AB3C /* Products */ = {
			isa = PBXGroup;
			children = (
				200B945C19DBA0B200C9AB3C /* libTrackSense.a */,
				200B946719DBA0B300C9AB3C /* TrackSenseTests.xctest */,
			);
			name = Products;
			sourceTree = "<group>";
		};
		200B945E19DBA0B200C9AB3C /* TrackSense */ = {
			isa = PBXGroup;
			children = (
				200B947B19DBA34400C9AB3C /* HypotheticalTrackers */,
				200B947419DBA20F00C9AB3C /* TrackerProtocol.h */,
				200B947519DBA25F00C9AB3C /* EmptyTracker.h */,
				200B947619DBA25F00C9AB3C /* EmptyTracker.m */,
				200B947819DBA2E100C9AB3C /* Trigger.h */,
				200B947919DBA2E100C9AB3C /* Trigger.m */,
			);
			path = TrackSense;
			sourceTree = "<group>";
		};
		200B946819DBA0B300C9AB3C /* TrackSenseTests */ = {
			isa = PBXGroup;
			children = (
				200B946919DBA0B300C9AB3C /* Supporting Files */,
			);
			path = TrackSenseTests;
			sourceTree = "<group>";
		};
		200B946919DBA0B300C9AB3C /* Supporting Files */ = {
			isa = PBXGroup;
			children = (
				200B946A19DBA0B300C9AB3C /* Info.plist */,
			);
			name = "Supporting Files";
			sourceTree = "<group>";
		};
		200B947B19DBA34400C9AB3C /* HypotheticalTrackers */ = {
			isa = PBXGroup;
			children = (
				200B947C19DBA37900C9AB3C /* ADXTracker.h */,
				200B947D19DBA37900C9AB3C /* ADXTracker.m */,
				200B947F19DBA38E00C9AB3C /* AdjustTracker.h */,
				200B948019DBA38E00C9AB3C /* AdjustTracker.m */,
				200B948219DBA39C00C9AB3C /* GTMTracker.h */,
				200B948319DBA39C00C9AB3C /* GTMTracker.m */,
				200B948519DBA3C500C9AB3C /* Ad4PushTracker.h */,
				200B948619DBA3C500C9AB3C /* Ad4PushTracker.m */,
			);
			name = HypotheticalTrackers;
			sourceTree = "<group>";
		};
/* End PBXGroup section */

/* Begin PBXNativeTarget section */
		200B945B19DBA0B200C9AB3C /* TrackSense */ = {
			isa = PBXNativeTarget;
			buildConfigurationList = 200B946D19DBA0B300C9AB3C /* Build configuration list for PBXNativeTarget "TrackSense" */;
			buildPhases = (
				200B945819DBA0B200C9AB3C /* Sources */,
				200B945919DBA0B200C9AB3C /* Frameworks */,
				200B945A19DBA0B200C9AB3C /* CopyFiles */,
			);
			buildRules = (
			);
			dependencies = (
			);
			name = TrackSense;
			productName = TrackSense;
			productReference = 200B945C19DBA0B200C9AB3C /* libTrackSense.a */;
			productType = "com.apple.product-type.library.static";
		};
		200B946619DBA0B300C9AB3C /* TrackSenseTests */ = {
			isa = PBXNativeTarget;
			buildConfigurationList = 200B947019DBA0B300C9AB3C /* Build configuration list for PBXNativeTarget "TrackSenseTests" */;
			buildPhases = (
				200B946319DBA0B300C9AB3C /* Sources */,
				200B946419DBA0B300C9AB3C /* Frameworks */,
				200B946519DBA0B300C9AB3C /* Resources */,
			);
			buildRules = (
			);
			dependencies = (
			);
			name = TrackSenseTests;
			productName = TrackSenseTests;
			productReference = 200B946719DBA0B300C9AB3C /* TrackSenseTests.xctest */;
			productType = "com.apple.product-type.bundle.unit-test";
		};
/* End PBXNativeTarget section */

/* Begin PBXProject section */
		200B945419DBA0B200C9AB3C /* Project object */ = {
			isa = PBXProject;
			attributes = {
				LastUpgradeCheck = 0600;
				ORGANIZATIONNAME = "Thiago Lioy";
				TargetAttributes = {
					200B945B19DBA0B200C9AB3C = {
						CreatedOnToolsVersion = 6.0.1;
					};
					200B946619DBA0B300C9AB3C = {
						CreatedOnToolsVersion = 6.0.1;
					};
				};
			};
			buildConfigurationList = 200B945719DBA0B200C9AB3C /* Build configuration list for PBXProject "TrackSense" */;
			compatibilityVersion = "Xcode 3.2";
			developmentRegion = English;
			hasScannedForEncodings = 0;
			knownRegions = (
				en,
			);
			mainGroup = 200B945319DBA0B200C9AB3C;
			productRefGroup = 200B945D19DBA0B200C9AB3C /* Products */;
			projectDirPath = "";
			projectRoot = "";
			targets = (
				200B945B19DBA0B200C9AB3C /* TrackSense */,
				200B946619DBA0B300C9AB3C /* TrackSenseTests */,
			);
		};
/* End PBXProject section */

/* Begin PBXResourcesBuildPhase section */
		200B946519DBA0B300C9AB3C /* Resources */ = {
			isa = PBXResourcesBuildPhase;
			buildActionMask = 2147483647;
			files = (
			);
			runOnlyForDeploymentPostprocessing = 0;
		};
/* End PBXResourcesBuildPhase section */

/* Begin PBXSourcesBuildPhase section */
		200B945819DBA0B200C9AB3C /* Sources */ = {
			isa = PBXSourcesBuildPhase;
			buildActionMask = 2147483647;
			files = (
				200B948719DBA3C500C9AB3C /* Ad4PushTracker.m in Sources */,
				200B947A19DBA2E100C9AB3C /* Trigger.m in Sources */,
				200B948119DBA38E00C9AB3C /* AdjustTracker.m in Sources */,
				200B947719DBA25F00C9AB3C /* EmptyTracker.m in Sources */,
				200B947E19DBA37900C9AB3C /* ADXTracker.m in Sources */,
				200B948419DBA39C00C9AB3C /* GTMTracker.m in Sources */,
			);
			runOnlyForDeploymentPostprocessing = 0;
		};
		200B946319DBA0B300C9AB3C /* Sources */ = {
			isa = PBXSourcesBuildPhase;
			buildActionMask = 2147483647;
			files = (
			);
			runOnlyForDeploymentPostprocessing = 0;
		};
/* End PBXSourcesBuildPhase section */

/* Begin XCBuildConfiguration section */
		200B946B19DBA0B300C9AB3C /* Debug */ = {
			isa = XCBuildConfiguration;
			buildSettings = {
				ALWAYS_SEARCH_USER_PATHS = NO;
				CLANG_CXX_LANGUAGE_STANDARD = "gnu++0x";
				CLANG_CXX_LIBRARY = "libc++";
				CLANG_ENABLE_MODULES = YES;
				CLANG_ENABLE_OBJC_ARC = YES;
				CLANG_WARN_BOOL_CONVERSION = YES;
				CLANG_WARN_CONSTANT_CONVERSION = YES;
				CLANG_WARN_DIRECT_OBJC_ISA_USAGE = YES_ERROR;
				CLANG_WARN_EMPTY_BODY = YES;
				CLANG_WARN_ENUM_CONVERSION = YES;
				CLANG_WARN_INT_CONVERSION = YES;
				CLANG_WARN_OBJC_ROOT_CLASS = YES_ERROR;
				CLANG_WARN_UNREACHABLE_CODE = YES;
				CLANG_WARN__DUPLICATE_METHOD_MATCH = YES;
				COPY_PHASE_STRIP = NO;
				ENABLE_STRICT_OBJC_MSGSEND = YES;
				GCC_C_LANGUAGE_STANDARD = gnu99;
				GCC_DYNAMIC_NO_PIC = NO;
				GCC_OPTIMIZATION_LEVEL = 0;
				GCC_PREPROCESSOR_DEFINITIONS = (
					"DEBUG=1",
					"$(inherited)",
				);
				GCC_SYMBOLS_PRIVATE_EXTERN = NO;
				GCC_WARN_64_TO_32_BIT_CONVERSION = YES;
				GCC_WARN_ABOUT_RETURN_TYPE = YES_ERROR;
				GCC_WARN_UNDECLARED_SELECTOR = YES;
				GCC_WARN_UNINITIALIZED_AUTOS = YES_AGGRESSIVE;
				GCC_WARN_UNUSED_FUNCTION = YES;
				GCC_WARN_UNUSED_VARIABLE = YES;
				IPHONEOS_DEPLOYMENT_TARGET = 8.0;
				MTL_ENABLE_DEBUG_INFO = YES;
				ONLY_ACTIVE_ARCH = YES;
				SDKROOT = iphoneos;
			};
			name = Debug;
		};
		200B946C19DBA0B300C9AB3C /* Release */ = {
			isa = XCBuildConfiguration;
			buildSettings = {
				ALWAYS_SEARCH_USER_PATHS = NO;
				CLANG_CXX_LANGUAGE_STANDARD = "gnu++0x";
				CLANG_CXX_LIBRARY = "libc++";
				CLANG_ENABLE_MODULES = YES;
				CLANG_ENABLE_OBJC_ARC = YES;
				CLANG_WARN_BOOL_CONVERSION = YES;
				CLANG_WARN_CONSTANT_CONVERSION = YES;
				CLANG_WARN_DIRECT_OBJC_ISA_USAGE = YES_ERROR;
				CLANG_WARN_EMPTY_BODY = YES;
				CLANG_WARN_ENUM_CONVERSION = YES;
				CLANG_WARN_INT_CONVERSION = YES;
				CLANG_WARN_OBJC_ROOT_CLASS = YES_ERROR;
				CLANG_WARN_UNREACHABLE_CODE = YES;
				CLANG_WARN__DUPLICATE_METHOD_MATCH = YES;
				COPY_PHASE_STRIP = YES;
				ENABLE_NS_ASSERTIONS = NO;
				ENABLE_STRICT_OBJC_MSGSEND = YES;
				GCC_C_LANGUAGE_STANDARD = gnu99;
				GCC_WARN_64_TO_32_BIT_CONVERSION = YES;
				GCC_WARN_ABOUT_RETURN_TYPE = YES_ERROR;
				GCC_WARN_UNDECLARED_SELECTOR = YES;
				GCC_WARN_UNINITIALIZED_AUTOS = YES_AGGRESSIVE;
				GCC_WARN_UNUSED_FUNCTION = YES;
				GCC_WARN_UNUSED_VARIABLE = YES;
				IPHONEOS_DEPLOYMENT_TARGET = 8.0;
				MTL_ENABLE_DEBUG_INFO = NO;
				SDKROOT = iphoneos;
				VALIDATE_PRODUCT = YES;
			};
			name = Release;
		};
		200B946E19DBA0B300C9AB3C /* Debug */ = {
			isa = XCBuildConfiguration;
			buildSettings = {
				OTHER_LDFLAGS = "-ObjC";
				PRODUCT_NAME = "$(TARGET_NAME)";
				SKIP_INSTALL = YES;
			};
			name = Debug;
		};
		200B946F19DBA0B300C9AB3C /* Release */ = {
			isa = XCBuildConfiguration;
			buildSettings = {
				OTHER_LDFLAGS = "-ObjC";
				PRODUCT_NAME = "$(TARGET_NAME)";
				SKIP_INSTALL = YES;
			};
			name = Release;
		};
		200B947119DBA0B300C9AB3C /* Debug */ = {
			isa = XCBuildConfiguration;
			buildSettings = {
				FRAMEWORK_SEARCH_PATHS = (
					"$(SDKROOT)/Developer/Library/Frameworks",
					"$(inherited)",
				);
				GCC_PREPROCESSOR_DEFINITIONS = (
					"DEBUG=1",
					"$(inherited)",
				);
				INFOPLIST_FILE = TrackSenseTests/Info.plist;
				LD_RUNPATH_SEARCH_PATHS = "$(inherited) @executable_path/Frameworks @loader_path/Frameworks";
				PRODUCT_NAME = "$(TARGET_NAME)";
			};
			name = Debug;
		};
		200B947219DBA0B300C9AB3C /* Release */ = {
			isa = XCBuildConfiguration;
			buildSettings = {
				FRAMEWORK_SEARCH_PATHS = (
					"$(SDKROOT)/Developer/Library/Frameworks",
					"$(inherited)",
				);
				INFOPLIST_FILE = TrackSenseTests/Info.plist;
				LD_RUNPATH_SEARCH_PATHS = "$(inherited) @executable_path/Frameworks @loader_path/Frameworks";
				PRODUCT_NAME = "$(TARGET_NAME)";
			};
			name = Release;
		};
/* End XCBuildConfiguration section */

/* Begin XCConfigurationList section */
		200B945719DBA0B200C9AB3C /* Build configuration list for PBXProject "TrackSense" */ = {
			isa = XCConfigurationList;
			buildConfigurations = (
				200B946B19DBA0B300C9AB3C /* Debug */,
				200B946C19DBA0B300C9AB3C /* Release */,
			);
			defaultConfigurationIsVisible = 0;
			defaultConfigurationName = Release;
		};
		200B946D19DBA0B300C9AB3C /* Build configuration list for PBXNativeTarget "TrackSense" */ = {
			isa = XCConfigurationList;
			buildConfigurations = (
				200B946E19DBA0B300C9AB3C /* Debug */,
				200B946F19DBA0B300C9AB3C /* Release */,
			);
			defaultConfigurationIsVisible = 0;
		};
		200B947019DBA0B300C9AB3C /* Build configuration list for PBXNativeTarget "TrackSenseTests" */ = {
			isa = XCConfigurationList;
			buildConfigurations = (
				200B947119DBA0B300C9AB3C /* Debug */,
				200B947219DBA0B300C9AB3C /* Release */,
			);
			defaultConfigurationIsVisible = 0;
		};
/* End XCConfigurationList section */
	};
	rootObject = 200B945419DBA0B200C9AB3C /* Project object */;
}
